
Microsoft Visual Studio Solution File, Format Version 12.00
Project("{FAE04EC0-301F-11D3-BF4B-00C04F79EFBC}") = "Domain", "Domain\Domain.csproj", "{ABFEC2DD-7479-4D53-A7C9-852C64AA3AC8}"
EndProject
Project("{FAE04EC0-301F-11D3-BF4B-00C04F79EFBC}") = "Infrastructure", "Infrastructure\Infrastructure.csproj", "{5B5161BF-AFAB-4A44-AF42-E5B6F26EA782}"
EndProject
Project("{FAE04EC0-301F-11D3-BF4B-00C04F79EFBC}") = "Application", "Application\Application.csproj", "{284AF50C-CFDC-4117-B98B-54A0104AF53F}"
EndProject
Project("{2150E333-8FDC-42A3-9474-1A3956D46DE8}") = "Presentation", "Presentation", "{740EDA1E-5BC6-4D8E-A997-4670AAD23342}"
EndProject
Project("{FAE04EC0-301F-11D3-BF4B-00C04F79EFBC}") = "HangfireApi", "HangfireApi\HangfireApi.csproj", "{71068C3A-8D3F-46F4-8B57-FA77361B9C6D}"
EndProject
Project("{FAE04EC0-301F-11D3-BF4B-00C04F79EFBC}") = "HangfireInfrastructure", "HangfireInfrastructure\HangfireInfrastructure.csproj", "{EA0285AB-364B-4B34-9B41-ECEAA59AD2B5}"
EndProject
Project("{FAE04EC0-301F-11D3-BF4B-00C04F79EFBC}") = "WebQlApi", "WebQlApi\WebQlApi.csproj", "{844EE65A-3CFA-4002-8695-09220BE7D89C}"
EndProject
Project("{FAE04EC0-301F-11D3-BF4B-00C04F79EFBC}") = "ApplicationQlApp", "ApplicationQlApp\ApplicationQlApp.csproj", "{E4C8C33F-6CAB-42CF-B864-CFDA715D2D40}"
EndProject
Project("{FAE04EC0-301F-11D3-BF4B-00C04F79EFBC}") = "ApplicationHangfire", "ApplicationHangfire\ApplicationHangfire.csproj", "{88EB96E9-F28A-4F86-8ECD-162250DB45E4}"
EndProject
Global
	GlobalSection(SolutionConfigurationPlatforms) = preSolution
		Debug|Any CPU = Debug|Any CPU
		Release|Any CPU = Release|Any CPU
	EndGlobalSection
	GlobalSection(ProjectConfigurationPlatforms) = postSolution
		{ABFEC2DD-7479-4D53-A7C9-852C64AA3AC8}.Debug|Any CPU.ActiveCfg = Debug|Any CPU
		{ABFEC2DD-7479-4D53-A7C9-852C64AA3AC8}.Debug|Any CPU.Build.0 = Debug|Any CPU
		{ABFEC2DD-7479-4D53-A7C9-852C64AA3AC8}.Release|Any CPU.ActiveCfg = Release|Any CPU
		{ABFEC2DD-7479-4D53-A7C9-852C64AA3AC8}.Release|Any CPU.Build.0 = Release|Any CPU
		{5B5161BF-AFAB-4A44-AF42-E5B6F26EA782}.Debug|Any CPU.ActiveCfg = Debug|Any CPU
		{5B5161BF-AFAB-4A44-AF42-E5B6F26EA782}.Debug|Any CPU.Build.0 = Debug|Any CPU
		{5B5161BF-AFAB-4A44-AF42-E5B6F26EA782}.Release|Any CPU.ActiveCfg = Release|Any CPU
		{5B5161BF-AFAB-4A44-AF42-E5B6F26EA782}.Release|Any CPU.Build.0 = Release|Any CPU
		{284AF50C-CFDC-4117-B98B-54A0104AF53F}.Debug|Any CPU.ActiveCfg = Debug|Any CPU
		{284AF50C-CFDC-4117-B98B-54A0104AF53F}.Debug|Any CPU.Build.0 = Debug|Any CPU
		{284AF50C-CFDC-4117-B98B-54A0104AF53F}.Release|Any CPU.ActiveCfg = Release|Any CPU
		{284AF50C-CFDC-4117-B98B-54A0104AF53F}.Release|Any CPU.Build.0 = Release|Any CPU
		{71068C3A-8D3F-46F4-8B57-FA77361B9C6D}.Debug|Any CPU.ActiveCfg = Debug|Any CPU
		{71068C3A-8D3F-46F4-8B57-FA77361B9C6D}.Debug|Any CPU.Build.0 = Debug|Any CPU
		{71068C3A-8D3F-46F4-8B57-FA77361B9C6D}.Release|Any CPU.ActiveCfg = Release|Any CPU
		{71068C3A-8D3F-46F4-8B57-FA77361B9C6D}.Release|Any CPU.Build.0 = Release|Any CPU
		{EA0285AB-364B-4B34-9B41-ECEAA59AD2B5}.Debug|Any CPU.ActiveCfg = Debug|Any CPU
		{EA0285AB-364B-4B34-9B41-ECEAA59AD2B5}.Debug|Any CPU.Build.0 = Debug|Any CPU
		{EA0285AB-364B-4B34-9B41-ECEAA59AD2B5}.Release|Any CPU.ActiveCfg = Release|Any CPU
		{EA0285AB-364B-4B34-9B41-ECEAA59AD2B5}.Release|Any CPU.Build.0 = Release|Any CPU
		{844EE65A-3CFA-4002-8695-09220BE7D89C}.Debug|Any CPU.ActiveCfg = Debug|Any CPU
		{844EE65A-3CFA-4002-8695-09220BE7D89C}.Debug|Any CPU.Build.0 = Debug|Any CPU
		{844EE65A-3CFA-4002-8695-09220BE7D89C}.Release|Any CPU.ActiveCfg = Release|Any CPU
		{844EE65A-3CFA-4002-8695-09220BE7D89C}.Release|Any CPU.Build.0 = Release|Any CPU
		{E4C8C33F-6CAB-42CF-B864-CFDA715D2D40}.Debug|Any CPU.ActiveCfg = Debug|Any CPU
		{E4C8C33F-6CAB-42CF-B864-CFDA715D2D40}.Debug|Any CPU.Build.0 = Debug|Any CPU
		{E4C8C33F-6CAB-42CF-B864-CFDA715D2D40}.Release|Any CPU.ActiveCfg = Release|Any CPU
		{E4C8C33F-6CAB-42CF-B864-CFDA715D2D40}.Release|Any CPU.Build.0 = Release|Any CPU
		{88EB96E9-F28A-4F86-8ECD-162250DB45E4}.Debug|Any CPU.ActiveCfg = Debug|Any CPU
		{88EB96E9-F28A-4F86-8ECD-162250DB45E4}.Debug|Any CPU.Build.0 = Debug|Any CPU
		{88EB96E9-F28A-4F86-8ECD-162250DB45E4}.Release|Any CPU.ActiveCfg = Release|Any CPU
		{88EB96E9-F28A-4F86-8ECD-162250DB45E4}.Release|Any CPU.Build.0 = Release|Any CPU
	EndGlobalSection
	GlobalSection(NestedProjects) = preSolution
		{71068C3A-8D3F-46F4-8B57-FA77361B9C6D} = {740EDA1E-5BC6-4D8E-A997-4670AAD23342}
		{844EE65A-3CFA-4002-8695-09220BE7D89C} = {740EDA1E-5BC6-4D8E-A997-4670AAD23342}
	EndGlobalSection
EndGlobal
